#MicroXplorer Configuration settings - do not modify
Dma.USART6_TX.3.MemInc=DMA_MINC_ENABLE
Dma.SPI2_TX.6.MemInc=DMA_MINC_ENABLE
FREERTOS.Queues01=queueWebPckg,3,WebPckg*,0,Dynamic,NULL,NULL
PH0-OSC_IN.Signal=RCC_OSC_IN
USART2.IPParameters=VirtualMode
Dma.USART6_TX.3.PeriphInc=DMA_PINC_DISABLE
NVIC.I2C1_EV_IRQn=true\:5\:0\:true\:false\:true\:false\:true\:true
Dma.USART2_RX.7.FIFOMode=DMA_FIFOMODE_ENABLE
PE11.GPIOParameters=GPIO_Label
SPI1.VirtualType=VM_MASTER
FATFS0.BSP.api=Unknown
SPI2.VirtualType=VM_MASTER
VP_FATFS_VS_SDIO.Mode=SDIO
RCC.PLLCLKFreq_Value=168000000
PC12.Signal=SDIO_CK
USART1.WordLength=WORDLENGTH_9B
RCC.PLLQCLKFreq_Value=22400000
PC7.Locked=true
PD3.GPIOParameters=GPIO_Label
PD8.Locked=true
VP_RTC_VS_RTC_Activate.Mode=RTC_Enabled
RCC.RTCFreq_Value=32768
PD0.Locked=true
PD4.Locked=true
USART1.IPParameters=VirtualMode,BaudRate,WordLength
PB13.Signal=SPI2_SCK
PD6.GPIO_Label=LED4G
Dma.SPI2_RX.5.Instance=DMA1_Stream3
PinOutPanel.RotationAngle=0
Dma.SPI2_RX.5.Priority=DMA_PRIORITY_LOW
RCC.SYSCLKSource=RCC_SYSCLKSOURCE_PLLCLK
Dma.SDIO_TX.1.Instance=DMA2_Stream6
Dma.SDIO_TX.1.PeriphInc=DMA_PINC_DISABLE
NVIC.SVCall_IRQn=true\:0\:0\:false\:false\:false\:false\:false\:false
NVIC.EXTI1_IRQn=true\:5\:0\:true\:false\:true\:false\:true\:true
Dma.SDIO_TX.1.PeriphDataAlignment=DMA_PDATAALIGN_WORD
USART3.BaudRate=9600
Dma.SPI2_RX.5.MemDataAlignment=DMA_MDATAALIGN_BYTE
VP_FATFS_VS_SDIO.Signal=FATFS_VS_SDIO
SPI1.Direction=SPI_DIRECTION_2LINES
PD4.Signal=GPIO_Output
RCC.APB2TimFreq_Value=168000000
SDIO.IPParameters=ClockDiv
PB6.Signal=I2C1_SCL
Dma.SPI2_TX.6.Mode=DMA_NORMAL
PC7.Signal=USART6_RX
PB6.Mode=I2C
SPI1.CalculateBaudRate=656.25 KBits/s
PD0.Signal=GPIO_Output
PD8.Signal=USART3_TX
PE10.Locked=true
PE1.Signal=GPIO_Output
Dma.SDIO_TX.1.FIFOMode=DMA_FIFOMODE_ENABLE
PB13.Locked=true
FATFS0.BSP.ip=GPIO
Dma.SPI2_TX.6.MemDataAlignment=DMA_MDATAALIGN_BYTE
ProjectManager.ProjectBuild=false
NVIC.UsageFault_IRQn=true\:0\:0\:false\:false\:true\:false\:false\:false
PA8.Locked=true
Dma.USART2_RX.7.Priority=DMA_PRIORITY_LOW
FATFS0.BSP.i2caddr=0
PA4.Locked=true
PD1.GPIOParameters=GPIO_Label
PD1.GPIO_Label=SD_DETECTED
PB12.GPIO_Label=SPI2_CS_MEM
ProjectManager.FirmwarePackage=STM32Cube FW_F4 V1.25.2
MxDb.Version=DB.6.0.10
PE0.GPIOParameters=GPIO_Label
PA1.GPIOParameters=GPIO_Label
ProjectManager.BackupPrevious=false
PC4.GPIO_Label=IRQ_LORA
PE9.Signal=GPIO_Output
PE9.Locked=true
PB14.Mode=Full_Duplex_Master
PB1.GPIO_Label=PWR_STATE
PC9.Mode=SD_4_bits_Wide_bus
SPI2.CalculateBaudRate=5.25 MBits/s
PA8.Signal=GPIO_Output
Dma.SDIO_TX.1.Direction=DMA_MEMORY_TO_PERIPH
PE1.Locked=true
PB6.Locked=true
NVIC.PendSV_IRQn=true\:15\:0\:false\:false\:false\:true\:false\:false
VP_FREERTOS_VS_CMSIS_V1.Mode=CMSIS_V1
Dma.SDIO_RX.0.MemDataAlignment=DMA_MDATAALIGN_WORD
NVIC.I2C1_ER_IRQn=true\:5\:0\:true\:false\:true\:false\:true\:true
PE10.Signal=GPIO_Output
Dma.SPI2_TX.6.Priority=DMA_PRIORITY_LOW
ProjectManager.HalAssertFull=false
ADC1.SamplingTime-0\#ChannelRegularConversion=ADC_SAMPLETIME_3CYCLES
RCC.MCO2PinFreq_Value=168000000
Mcu.Package=LQFP100
PB1.Signal=GPXTI1
NVIC.TimeBase=TIM1_UP_TIM10_IRQn
SPI2.Mode=SPI_MODE_MASTER
Dma.USART1_RX.4.Direction=DMA_PERIPH_TO_MEMORY
Dma.SPI2_RX.5.MemInc=DMA_MINC_ENABLE
PE10.GPIOParameters=GPIO_Label
FATFS0.BSP.solution=PD1
PD5.GPIOParameters=GPIO_Label
Dma.SPI2_RX.5.FIFOMode=DMA_FIFOMODE_DISABLE
Dma.USART2_RX.7.MemInc=DMA_MINC_ENABLE
NVIC.TimeBaseIP=TIM1
USART3.IPParameters=VirtualMode,BaudRate
PA10.Signal=USART1_RX
FREERTOS.FootprintOK=true
PC11.Mode=SD_4_bits_Wide_bus
Dma.SDIO_TX.1.FIFOThreshold=DMA_FIFO_THRESHOLD_FULL
Dma.SDIO_TX.1.Priority=DMA_PRIORITY_LOW
Dma.USART2_RX.7.Mode=DMA_NORMAL
RCC.APB2CLKDivider=RCC_HCLK_DIV2
NVIC.DMA2_Stream2_IRQn=true\:5\:0\:true\:false\:true\:false\:false\:true
RCC.APB1TimFreq_Value=84000000
NVIC.BusFault_IRQn=true\:0\:0\:false\:false\:true\:false\:false\:false
Dma.SDIO_RX.0.MemBurst=DMA_MBURST_INC4
PB13.Mode=Full_Duplex_Master
PB10.GPIOParameters=GPIO_Label
Dma.SPI2_RX.5.PeriphDataAlignment=DMA_PDATAALIGN_BYTE
Dma.SDIO_RX.0.Instance=DMA2_Stream3
NVIC.USART1_IRQn=true\:5\:0\:true\:false\:true\:false\:true\:true
PE10.GPIO_Label=ONEWIRE_4_EN
PD5.Locked=true
Dma.USART2_RX.7.Instance=DMA1_Stream5
PA4.GPIO_Label=SPI1_CS_LORA
Dma.SPI2_TX.6.PeriphInc=DMA_PINC_DISABLE
ProjectManager.CustomerFirmwarePackage=
PC4.GPIOParameters=GPIO_Label
FATFS._MIN_SS=512
Dma.SDIO_RX.0.FIFOMode=DMA_FIFOMODE_ENABLE
PA5.Mode=Full_Duplex_Master
PD6.GPIOParameters=GPIO_Label
FATFS0.BSP.STBoard=false
NVIC.EXTI4_IRQn=true\:5\:0\:true\:false\:true\:false\:true\:true
Dma.SDIO_RX.0.Mode=DMA_PFCTRL
Dma.SDIO_RX.0.Priority=DMA_PRIORITY_LOW
ProjectManager.ProjectFileName=bkte_2_0_iar1.ioc
Dma.SPI2_TX.6.Instance=DMA1_Stream4
FREERTOS.Tasks01=getEnergy,0,256,taskGetEnergy,As weak,NULL,Dynamic,NULL,NULL;getNewBin,0,256,taskGetNewBin,As weak,NULL,Dynamic,NULL,NULL;keepAlive,0,256,taskKeepAlive,As weak,NULL,Dynamic,NULL,NULL;webExchange,0,300,taskWebExchange,As weak,NULL,Dynamic,NULL,NULL;getTemp,0,256,taskGetTemp,As weak,NULL,Dynamic,NULL,NULL;manageIWDG,0,128,taskManageIWDG,As weak,NULL,Dynamic,NULL,NULL;lora,0,256,taskLora,As weak,NULL,Dynamic,NULL,NULL;createWebPckg,0,256,taskCreateWebPckg,As weak,NULL,Dynamic,NULL,NULL;wirelessSens,0,300,taskWirelessSens,As weak,NULL,Dynamic,NULL,NULL
ADC1.Rank-0\#ChannelRegularConversion=1
Dma.USART1_RX.4.RequestParameters=Instance,Direction,PeriphInc,MemInc,PeriphDataAlignment,MemDataAlignment,Mode,Priority,FIFOMode
Mcu.PinsNb=60
ADC1.IPParameters=Rank-0\#ChannelRegularConversion,master,Channel-0\#ChannelRegularConversion,SamplingTime-0\#ChannelRegularConversion,NbrOfConversionFlag,NbrOfConversion
FATFS0.BSP.mode=Input
PD3.Signal=GPIO_Output
PC6.Signal=USART6_TX
PC2.Signal=GPIO_Output
PD13.GPIOParameters=GPIO_Label
PD7.Signal=GPIO_Output
PD1.Signal=GPIO_Input
Dma.USART1_RX.4.Priority=DMA_PRIORITY_VERY_HIGH
NVIC.DMA2_Stream1_IRQn=true\:5\:0\:true\:false\:true\:false\:false\:true
Dma.USART1_RX.4.Mode=DMA_NORMAL
PC0.Signal=GPIO_Output
PB14.Locked=true
RCC.APB1CLKDivider=RCC_HCLK_DIV4
PC14-OSC32_IN.Signal=RCC_OSC32_IN
Dma.USART1_RX.4.FIFOMode=DMA_FIFOMODE_DISABLE
PA0-WKUP.GPIO_Label=ADC_BAT
PA0-WKUP.Signal=ADCx_IN0
Dma.USART2_RX.7.PeriphInc=DMA_PINC_DISABLE
VP_TIM6_VS_ClockSourceINT.Signal=TIM6_VS_ClockSourceINT
PA3.Mode=Asynchronous
PA8.GPIO_Label=UART1_RE
Mcu.Pin59=VP_TIM6_VS_ClockSourceINT
Dma.SDIO_RX.0.MemInc=DMA_MINC_ENABLE
Mcu.Pin57=VP_RTC_VS_RTC_Activate
Mcu.Pin58=VP_SYS_VS_tim1
Dma.USART6_RX.2.RequestParameters=Instance,Direction,PeriphInc,MemInc,PeriphDataAlignment,MemDataAlignment,Mode,Priority,FIFOMode
Dma.SDIO_RX.0.FIFOThreshold=DMA_FIFO_THRESHOLD_FULL
Mcu.Pin51=PE0
Mcu.Pin52=PE1
Mcu.Pin50=PB7
VP_CRC_VS_CRC.Signal=CRC_VS_CRC
PC6.Mode=Asynchronous
Mcu.Pin55=VP_FREERTOS_VS_CMSIS_V1
Mcu.Pin56=VP_IWDG_VS_IWDG
Mcu.Pin53=VP_CRC_VS_CRC
PE8.GPIO_Label=ONEWIRE_3_EN
Mcu.Pin54=VP_FATFS_VS_SDIO
PC6.Locked=true
PA9.Signal=USART1_TX
SDIO.ClockDiv=25
NVIC.DMA2_Stream6_IRQn=true\:5\:0\:true\:false\:true\:false\:false\:true
PD7.Locked=true
PD8.Mode=Asynchronous
PE9.GPIO_Label=ONEWIRE_2_EN
Mcu.Pin48=PD7
Mcu.Pin49=PB6
Mcu.Pin46=PD5
Mcu.Pin47=PD6
PB10.Signal=GPIO_Output
PB14.Signal=SPI2_MISO
FATFS.BSP.number=1
PA5.Signal=SPI1_SCK
Mcu.Pin40=PC12
Mcu.Pin41=PD0
FREERTOS.MEMORY_ALLOCATION=2
PC12.Mode=SD_4_bits_Wide_bus
Mcu.Pin44=PD3
Dma.USART6_TX.3.Direction=DMA_MEMORY_TO_PERIPH
Mcu.Pin45=PD4
Mcu.Pin42=PD1
Mcu.Pin43=PD2
PE1.GPIO_Label=LED1R
ProjectManager.LastFirmware=true
NVIC.SPI1_IRQn=true\:5\:0\:true\:false\:true\:false\:true\:true
Mcu.Pin37=PA14
Mcu.Pin38=PC10
Mcu.Pin35=PA10
PE8.Signal=GPIO_Output
Mcu.Pin36=PA13
VP_SYS_VS_tim1.Signal=SYS_VS_tim1
SPI1.Mode=SPI_MODE_MASTER
SH.ADCx_IN0.ConfNb=1
Mcu.Pin39=PC11
FATFS0.BSP.i2creg=
PC2.GPIOParameters=GPIO_Label
Mcu.Pin30=PC7
Dma.USART2_RX.7.MemDataAlignment=DMA_MDATAALIGN_BYTE
PA1.GPIO_Label=USART2_RE
RCC.EthernetFreq_Value=168000000
Mcu.Pin33=PA8
Mcu.Pin34=PA9
Mcu.Pin31=PC8
RCC.RCC_RTC_Clock_SourceVirtual=RCC_RTCCLKSOURCE_LSE
Mcu.Pin32=PC9
NVIC.NonMaskableInt_IRQn=true\:0\:0\:false\:false\:true\:false\:false\:false
Dma.SDIO_TX.1.Mode=DMA_PFCTRL
PA13.Mode=Serial_Wire
ProjectManager.FreePins=false
IWDG.IPParameters=Prescaler
Mcu.Pin26=PD8
Mcu.Pin27=PD9
RCC.RTCHSEDivFreq_Value=8000000
Mcu.Pin24=PB14
ProjectManager.UnderRoot=false
Mcu.Pin25=PB15
Mcu.Pin28=PD13
Mcu.Pin29=PC6
PC8.Mode=SD_4_bits_Wide_bus
PA4.Signal=GPIO_Output
Mcu.Pin22=PB12
Mcu.Pin23=PB13
Dma.SPI2_TX.6.FIFOMode=DMA_FIFOMODE_DISABLE
Mcu.Pin20=PE11
ADC1.master=1
PA3.Locked=true
Mcu.Pin21=PB10
NVIC.ForceEnableDMAVector=true
NVIC.MemoryManagement_IRQn=true\:0\:0\:false\:false\:true\:false\:false\:false
USART1.VirtualMode=VM_ASYNC
ProjectManager.CompilerOptimize=6
ProjectManager.HeapSize=0x200
Mcu.Pin15=PC4
NVIC.HardFault_IRQn=true\:0\:0\:false\:false\:true\:false\:false\:false
Mcu.Pin16=PB1
Mcu.Pin13=PA6
Mcu.Pin14=PA7
Mcu.Pin19=PE10
NVIC.TIM1_UP_TIM10_IRQn=true\:0\:0\:false\:false\:true\:false\:false\:true
ProjectManager.ComputerToolchain=false
Mcu.Pin17=PE8
Mcu.Pin18=PE9
FREERTOS.Mutexes01=mutexWriteToEnergyBuf,Dynamic,NULL;mutexWeb,Dynamic,NULL;mutexRTC,Dynamic,NULL;mutexSD,Dynamic,NULL
NVIC.PriorityGroup=NVIC_PRIORITYGROUP_4
Mcu.Pin11=PA4
PD0.GPIOParameters=GPIO_Label
Mcu.Pin12=PA5
Mcu.Pin10=PA3
SH.GPXTI1.ConfNb=1
PD2.Signal=SDIO_CMD
Dma.USART6_RX.2.PeriphInc=DMA_PINC_DISABLE
PD1.Locked=true
Dma.SPI2_TX.6.Direction=DMA_MEMORY_TO_PERIPH
PC0.Locked=true
PC1.Signal=GPIO_Input
PB12.GPIOParameters=GPIO_Label
PD7.GPIOParameters=GPIO_Label
FATFS0.BSP.name=Detect_SDIO
Mcu.Family=STM32F4
NVIC.USART3_IRQn=true\:5\:0\:true\:false\:true\:false\:true\:true
SH.GPXTI1.0=GPIO_EXTI1
ProjectManager.MainLocation=Core/Src
Dma.SDIO_TX.1.MemInc=DMA_MINC_ENABLE
PA6.Mode=Full_Duplex_Master
Dma.SPI2_TX.6.PeriphDataAlignment=DMA_PDATAALIGN_BYTE
RCC.CortexFreq_Value=168000000
FREERTOS.BinarySemaphores01=semLoraRxPckg,Dynamic,NULL;semCreateWebPckg,Dynamic,NULL
ProjectManager.KeepUserCode=true
Mcu.UserName=STM32F407VGTx
Dma.SPI2_RX.5.PeriphInc=DMA_PINC_DISABLE
FATFS0.BSP.semaphore=
PE11.GPIO_Label=ONEWIRE_1_EN
USART1.BaudRate=2400
Dma.USART6_RX.2.Direction=DMA_PERIPH_TO_MEMORY
PC10.Signal=SDIO_D2
VP_IWDG_VS_IWDG.Mode=IWDG_Activate
Dma.USART2_RX.7.Direction=DMA_PERIPH_TO_MEMORY
ProjectManager.functionlistsort=1-MX_GPIO_Init-GPIO-false-HAL-true,2-MX_DMA_Init-DMA-false-HAL-true,3-SystemClock_Config-RCC-false-LL-false,4-MX_ADC1_Init-ADC1-false-HAL-true,5-MX_SDIO_SD_Init-SDIO-false-HAL-true,6-MX_SPI1_Init-SPI1-false-HAL-true,7-MX_SPI2_Init-SPI2-false-HAL-true,8-MX_FATFS_Init-FATFS-false-HAL-false,9-MX_CRC_Init-CRC-false-HAL-true,10-MX_I2C1_Init-I2C1-false-HAL-true,11-MX_USART3_UART_Init-USART3-false-HAL-true,12-MX_USART6_UART_Init-USART6-false-HAL-true,13-MX_RTC_Init-RTC-false-HAL-true,14-MX_IWDG_Init-IWDG-false-LL-true,15-MX_USART1_UART_Init-USART1-false-HAL-true,16-MX_TIM6_Init-TIM6-false-HAL-true,17-MX_USART2_UART_Init-USART2-false-HAL-true
PC0.GPIOParameters=GPIO_Label
PD0.GPIO_Label=SD_PWR_EN
PC0.GPIO_Label=BAT_PWR_EN
PD6.Locked=true
PC1.Locked=true
NVIC.DMA1_Stream4_IRQn=true\:5\:0\:true\:false\:true\:false\:false\:true
PB15.Signal=SPI2_MOSI
Dma.SDIO_TX.1.PeriphBurst=DMA_PBURST_INC4
PD9.Mode=Asynchronous
Dma.USART6_RX.2.MemDataAlignment=DMA_MDATAALIGN_BYTE
Dma.SDIO_RX.0.RequestParameters=Instance,Direction,PeriphInc,MemInc,PeriphDataAlignment,MemDataAlignment,Mode,Priority,FIFOMode,FIFOThreshold,MemBurst,PeriphBurst
ProjectManager.StackSize=0x400
Dma.SDIO_RX.0.Direction=DMA_PERIPH_TO_MEMORY
Dma.USART6_TX.3.PeriphDataAlignment=DMA_PDATAALIGN_BYTE
PD13.Signal=GPIO_Output
Mcu.IP4=FREERTOS
Mcu.IP5=I2C1
RCC.FCLKCortexFreq_Value=168000000
PD13.Locked=true
Mcu.IP2=DMA
I2C1.IPParameters=ClockSpeed
Mcu.IP3=FATFS
Mcu.IP0=ADC1
Mcu.IP1=CRC
Mcu.UserConstants=
I2C1.ClockSpeed=50000
Dma.USART6_TX.3.Priority=DMA_PRIORITY_LOW
PC1.GPIOParameters=GPIO_Label
RCC.RCC_RTC_Clock_Source=RCC_RTCCLKSOURCE_LSE
Mcu.ThirdPartyNb=0
RCC.HCLKFreq_Value=168000000
Dma.USART1_RX.4.MemDataAlignment=DMA_MDATAALIGN_HALFWORD
Mcu.IPNb=19
RCC.I2SClocksFreq_Value=96000000
ProjectManager.PreviousToolchain=STM32CubeIDE
Dma.USART2_RX.7.PeriphBurst=DMA_PBURST_SINGLE
RCC.VcooutputI2S=96000000
PA8.GPIOParameters=GPIO_Label
Dma.USART6_RX.2.Instance=DMA2_Stream1
Mcu.Pin6=PC2
Mcu.Pin7=PA0-WKUP
Mcu.Pin8=PA1
Dma.SDIO_TX.1.RequestParameters=Instance,Direction,PeriphInc,MemInc,PeriphDataAlignment,MemDataAlignment,Mode,Priority,FIFOMode,FIFOThreshold,MemBurst,PeriphBurst
Mcu.Pin9=PA2
FREERTOS.IPParameters=Tasks01,FootprintOK,Mutexes01,configUSE_TIMERS,MEMORY_ALLOCATION,configTOTAL_HEAP_SIZE,BinarySemaphores01,Queues01
RCC.AHBFreq_Value=168000000
SPI2.BaudRatePrescaler=SPI_BAUDRATEPRESCALER_8
PH0-OSC_IN.Mode=HSE-External-Oscillator
Mcu.Pin0=PC14-OSC32_IN
Mcu.Pin1=PC15-OSC32_OUT
GPIO.groupedBy=Group By Peripherals
Mcu.Pin2=PH0-OSC_IN
Mcu.Pin3=PH1-OSC_OUT
PA0-WKUP.GPIOParameters=GPIO_Label
Mcu.Pin4=PC0
Mcu.Pin5=PC1
ADC1.Channel-0\#ChannelRegularConversion=ADC_CHANNEL_0
RCC.HSE_VALUE=16000000
FREERTOS.configUSE_TIMERS=0
NVIC.DebugMonitor_IRQn=true\:0\:0\:false\:false\:true\:false\:false\:false
Mcu.IP10=SDIO
NVIC.SysTick_IRQn=true\:15\:0\:false\:false\:false\:true\:false\:true
Mcu.IP12=SPI2
Mcu.IP11=SPI1
Dma.SDIO_TX.1.MemBurst=DMA_MBURST_INC4
Dma.USART6_RX.2.Priority=DMA_PRIORITY_LOW
Mcu.IP18=USART6
Mcu.IP17=USART3
Dma.USART1_RX.4.Instance=DMA2_Stream2
Mcu.IP14=TIM6
Mcu.IP13=SYS
Mcu.IP16=USART2
Mcu.IP15=USART1
PC14-OSC32_IN.Mode=LSE-External-Oscillator
RCC.VCOInputFreq_Value=1000000
Dma.SPI2_RX.5.Direction=DMA_PERIPH_TO_MEMORY
PA14.Mode=Serial_Wire
Dma.USART2_RX.7.PeriphDataAlignment=DMA_PDATAALIGN_BYTE
PE8.Locked=true
VP_SYS_VS_tim1.Mode=TIM1
File.Version=6
PB7.Signal=I2C1_SDA
NVIC.SPI2_IRQn=true\:5\:0\:true\:false\:true\:false\:true\:true
SH.ADCx_IN0.0=ADC1_IN0,IN0
Dma.RequestsNb=8
Dma.USART2_RX.7.MemBurst=DMA_MBURST_SINGLE
FREERTOS.configTOTAL_HEAP_SIZE=15000
ProjectManager.ProjectName=bkte_2_0_iar1
PD7.GPIO_Label=LED2R
PH1-OSC_OUT.Mode=HSE-External-Oscillator
PD13.GPIO_Label=GSM_PWRKEY
PA6.Signal=SPI1_MISO
Dma.SPI2_TX.6.RequestParameters=Instance,Direction,PeriphInc,MemInc,PeriphDataAlignment,MemDataAlignment,Mode,Priority,FIFOMode
NVIC.DMA2_Stream7_IRQn=true\:5\:0\:true\:false\:true\:false\:false\:true
USART2.VirtualMode=VM_ASYNC
USART6.VirtualMode=VM_ASYNC
PD5.GPIO_Label=LED4R
ProjectManager.ToolChainLocation=
RCC.LSI_VALUE=32000
PE0.GPIO_Label=LED2G
Dma.USART6_TX.3.MemDataAlignment=DMA_MDATAALIGN_BYTE
Dma.Request2=USART6_RX
Dma.Request1=SDIO_TX
Dma.Request4=USART1_RX
Dma.Request3=USART6_TX
PC4.Locked=true
Dma.Request6=SPI2_TX
Dma.Request5=SPI2_RX
SPI2.Direction=SPI_DIRECTION_2LINES
Dma.Request7=USART2_RX
PD3.GPIO_Label=LED1G
PD6.Signal=GPIO_Output
Dma.Request0=SDIO_RX
SPI1.BaudRatePrescaler=SPI_BAUDRATEPRESCALER_128
PC2.GPIO_Label=SIM_PWR_EN
Dma.SPI2_RX.5.RequestParameters=Instance,Direction,PeriphInc,MemInc,PeriphDataAlignment,MemDataAlignment,Mode,Priority,FIFOMode
PB15.Locked=true
PA3.Signal=USART2_RX
PA2.Locked=true
VP_RTC_VS_RTC_Activate.Signal=RTC_VS_RTC_Activate
RCC.PLLSourceVirtual=RCC_PLLSOURCE_HSE
PC15-OSC32_OUT.Mode=LSE-External-Oscillator
PE8.GPIOParameters=GPIO_Label
PA7.Mode=Full_Duplex_Master
PA10.Mode=Asynchronous
ProjectManager.NoMain=false
SPI1.IPParameters=VirtualType,Mode,Direction,CalculateBaudRate,BaudRatePrescaler
USART6.IPParameters=VirtualMode
NVIC.SavedSvcallIrqHandlerGenerated=true
PC11.Signal=SDIO_D3
PC8.Signal=SDIO_D0
Dma.SDIO_RX.0.PeriphInc=DMA_PINC_DISABLE
PC4.Signal=GPXTI4
PC10.Mode=SD_4_bits_Wide_bus
VP_TIM6_VS_ClockSourceINT.Mode=Enable_Timer
ProjectManager.DefaultFWLocation=true
PD9.Signal=USART3_RX
PD5.Signal=GPIO_Output
PB12.Locked=true
ProjectManager.DeletePrevious=true
PB10.Locked=true
Dma.USART6_TX.3.Mode=DMA_NORMAL
NVIC.USART2_IRQn=true\:5\:0\:false\:false\:true\:true\:true\:true
NVIC.SDIO_IRQn=true\:5\:0\:true\:false\:true\:false\:true\:true
RCC.FamilyName=M
PA0-WKUP.Locked=true
NVIC.USART6_IRQn=true\:5\:0\:true\:false\:true\:false\:true\:true
PE9.GPIOParameters=GPIO_Label
FATFS0.BSP.instance=PD1
FATFS.IPParameters=USE_DMA_CODE_SD,_MAX_SS,_MIN_SS
PA13.Signal=SYS_JTMS-SWDIO
VP_FREERTOS_VS_CMSIS_V1.Signal=FREERTOS_VS_CMSIS_V1
PA9.Mode=Asynchronous
Dma.SDIO_TX.1.MemDataAlignment=DMA_MDATAALIGN_WORD
ProjectManager.TargetToolchain=EWARM V8.32
PB10.GPIO_Label=RF_PWR
NVIC.DMA1_Stream5_IRQn=true\:5\:0\:false\:false\:true\:true\:false\:true
Dma.USART6_RX.2.MemInc=DMA_MINC_ENABLE
FATFS0.BSP.condition=
SPI2.IPParameters=VirtualType,Mode,Direction,CalculateBaudRate,BaudRatePrescaler
Dma.USART6_RX.2.PeriphDataAlignment=DMA_PDATAALIGN_BYTE
PC2.Locked=true
ProjectManager.RegisterCallBack=
PE0.Locked=true
NVIC.DMA2_Stream3_IRQn=true\:5\:0\:true\:false\:true\:false\:false\:true
PE11.Signal=GPIO_Output
PC15-OSC32_OUT.Signal=RCC_OSC32_OUT
PD3.Locked=true
PA1.Signal=GPIO_Output
PB1.Locked=true
Dma.SDIO_RX.0.PeriphDataAlignment=DMA_PDATAALIGN_WORD
RCC.VCOI2SOutputFreq_Value=192000000
PD2.Mode=SD_4_bits_Wide_bus
board=custom
RCC.VCOOutputFreq_Value=336000000
Dma.SPI2_RX.5.Mode=DMA_NORMAL
Dma.USART6_TX.3.RequestParameters=Instance,Direction,PeriphInc,MemInc,PeriphDataAlignment,MemDataAlignment,Mode,Priority,FIFOMode
PB15.Mode=Full_Duplex_Master
Dma.USART6_RX.2.FIFOMode=DMA_FIFOMODE_DISABLE
Dma.USART6_RX.2.Mode=DMA_CIRCULAR
FATFS.USE_DMA_CODE_SD=1
NVIC.SavedSystickIrqHandlerGenerated=true
RCC.APB2Freq_Value=84000000
Dma.USART2_RX.7.FIFOThreshold=DMA_FIFO_THRESHOLD_FULL
MxCube.Version=6.1.1
Dma.USART1_RX.4.PeriphDataAlignment=DMA_PDATAALIGN_HALFWORD
PD4.GPIO_Label=LED3G
PC1.GPIO_Label=IS_CHRG_BAT
PD4.GPIOParameters=GPIO_Label
PH1-OSC_OUT.Signal=RCC_OSC_OUT
PA4.GPIOParameters=GPIO_Label
ADC1.NbrOfConversion=1
RCC.IPParameters=48MHZClocksFreq_Value,AHBFreq_Value,APB1CLKDivider,APB1Freq_Value,APB1TimFreq_Value,APB2CLKDivider,APB2Freq_Value,APB2TimFreq_Value,CortexFreq_Value,EthernetFreq_Value,FCLKCortexFreq_Value,FamilyName,HCLKFreq_Value,HSE_VALUE,HSI_VALUE,I2SClocksFreq_Value,LSI_VALUE,MCO2PinFreq_Value,PLLCLKFreq_Value,PLLN,PLLQ,PLLQCLKFreq_Value,PLLSourceVirtual,RCC_RTC_Clock_Source,RCC_RTC_Clock_SourceVirtual,RTCFreq_Value,RTCHSEDivFreq_Value,SYSCLKFreq_VALUE,SYSCLKSource,VCOI2SOutputFreq_Value,VCOInputFreq_Value,VCOOutputFreq_Value,VcooutputI2S
PE11.Locked=true
ProjectManager.AskForMigrate=true
Mcu.Name=STM32F407V(E-G)Tx
PE0.Signal=GPIO_Output
NVIC.SavedPendsvIrqHandlerGenerated=true
PA2.Signal=USART2_TX
FATFS._MAX_SS=4096
Mcu.IP8=RCC
Mcu.IP9=RTC
Mcu.IP6=IWDG
Mcu.IP7=NVIC
ProjectManager.CoupleFile=true
RCC.48MHZClocksFreq_Value=22400000
RCC.SYSCLKFreq_VALUE=168000000
PA1.Locked=true
SH.GPXTI4.0=GPIO_EXTI4
KeepUserPlacement=false
USART3.VirtualMode=VM_ASYNC
PB7.Mode=I2C
VP_IWDG_VS_IWDG.Signal=IWDG_VS_IWDG
PA14.Signal=SYS_JTCK-SWCLK
Dma.USART1_RX.4.MemInc=DMA_MINC_ENABLE
SH.GPXTI4.ConfNb=1
Dma.USART6_TX.3.FIFOMode=DMA_FIFOMODE_DISABLE
Dma.USART6_TX.3.Instance=DMA2_Stream7
RCC.HSI_VALUE=16000000
RCC.PLLQ=15
ADC1.NbrOfConversionFlag=1
FATFS0.BSP.component=
RCC.PLLN=336
Dma.SDIO_RX.0.PeriphBurst=DMA_PBURST_INC4
IWDG.Prescaler=IWDG_PRESCALER_256
PB7.Locked=true
PA2.Mode=Asynchronous
NVIC.DMA1_Stream3_IRQn=true\:5\:0\:true\:false\:true\:false\:false\:true
Dma.USART1_RX.4.PeriphInc=DMA_PINC_DISABLE
PC9.Signal=SDIO_D1
PC7.Mode=Asynchronous
PD9.Locked=true
RCC.APB1Freq_Value=42000000
VP_CRC_VS_CRC.Mode=CRC_Activate
Dma.USART2_RX.7.RequestParameters=Instance,Direction,PeriphInc,MemInc,PeriphDataAlignment,MemDataAlignment,Mode,Priority,FIFOMode,FIFOThreshold,MemBurst,PeriphBurst
ProjectManager.DeviceId=STM32F407VGTx
PB12.Signal=GPIO_Output
ProjectManager.LibraryCopy=1
PE1.GPIOParameters=GPIO_Label
PB1.GPIOParameters=GPIO_Label
PA7.Signal=SPI1_MOSI
PA6.Locked=true
